
Microsoft Visual Studio Solution File, Format Version 12.00
# Visual Studio 15
VisualStudioVersion = 15.0.26430.14
MinimumVisualStudioVersion = 10.0.40219.1
Project("{FAE04EC0-301F-11D3-BF4B-00C04F79EFBC}") = "Rent_a_place", "Rent_a_place\Rent_a_place.csproj", "{37A7A989-AE1A-4C6C-B068-AD360C5AC9B1}"
EndProject
Project("{FAE04EC0-301F-11D3-BF4B-00C04F79EFBC}") = "Rent_a_place.Tests", "Rent_a_place.Tests\Rent_a_place.Tests.csproj", "{C56E93CA-E27C-4B03-A343-2A73AD764171}"
EndProject
Global
	GlobalSection(SolutionConfigurationPlatforms) = preSolution
		Debug|Any CPU = Debug|Any CPU
		Release|Any CPU = Release|Any CPU
	EndGlobalSection
	GlobalSection(ProjectConfigurationPlatforms) = postSolution
		{37A7A989-AE1A-4C6C-B068-AD360C5AC9B1}.Debug|Any CPU.ActiveCfg = Debug|Any CPU
		{37A7A989-AE1A-4C6C-B068-AD360C5AC9B1}.Debug|Any CPU.Build.0 = Debug|Any CPU
		{37A7A989-AE1A-4C6C-B068-AD360C5AC9B1}.Release|Any CPU.ActiveCfg = Release|Any CPU
		{37A7A989-AE1A-4C6C-B068-AD360C5AC9B1}.Release|Any CPU.Build.0 = Release|Any CPU
		{C56E93CA-E27C-4B03-A343-2A73AD764171}.Debug|Any CPU.ActiveCfg = Debug|Any CPU
		{C56E93CA-E27C-4B03-A343-2A73AD764171}.Debug|Any CPU.Build.0 = Debug|Any CPU
		{C56E93CA-E27C-4B03-A343-2A73AD764171}.Release|Any CPU.ActiveCfg = Release|Any CPU
		{C56E93CA-E27C-4B03-A343-2A73AD764171}.Release|Any CPU.Build.0 = Release|Any CPU
	EndGlobalSection
	GlobalSection(SolutionProperties) = preSolution
		HideSolutionNode = FALSE
	EndGlobalSection
EndGlobal
